
Microsoft Visual Studio Solution File, Format Version 12.00
# Visual Studio 14
VisualStudioVersion = 14.0.25420.1
MinimumVisualStudioVersion = 10.0.40219.1
Project("{FAE04EC0-301F-11D3-BF4B-00C04F79EFBC}") = "Catalyst", "Catalyst\Catalyst.csproj", "{38CA8524-82E1-4657-A2E8-2BF01810D434}"
EndProject
Project("{FAE04EC0-301F-11D3-BF4B-00C04F79EFBC}") = "Catalyst.Data", "Catalyst.Data\Catalyst.Data.csproj", "{F6CAD607-F8B3-4F3C-BEE6-735AB08879E1}"
EndProject
Project("{FAE04EC0-301F-11D3-BF4B-00C04F79EFBC}") = "Catalyst.DataTests", "Catalyst.DataTests\Catalyst.DataTests.csproj", "{0075AF77-8DE2-4CB7-91BF-2604F29EB255}"
EndProject
Global
	GlobalSection(SolutionConfigurationPlatforms) = preSolution
		Debug|Any CPU = Debug|Any CPU
		Release|Any CPU = Release|Any CPU
	EndGlobalSection
	GlobalSection(ProjectConfigurationPlatforms) = postSolution
		{38CA8524-82E1-4657-A2E8-2BF01810D434}.Debug|Any CPU.ActiveCfg = Debug|Any CPU
		{38CA8524-82E1-4657-A2E8-2BF01810D434}.Debug|Any CPU.Build.0 = Debug|Any CPU
		{38CA8524-82E1-4657-A2E8-2BF01810D434}.Release|Any CPU.ActiveCfg = Release|Any CPU
		{38CA8524-82E1-4657-A2E8-2BF01810D434}.Release|Any CPU.Build.0 = Release|Any CPU
		{F6CAD607-F8B3-4F3C-BEE6-735AB08879E1}.Debug|Any CPU.ActiveCfg = Debug|Any CPU
		{F6CAD607-F8B3-4F3C-BEE6-735AB08879E1}.Debug|Any CPU.Build.0 = Debug|Any CPU
		{F6CAD607-F8B3-4F3C-BEE6-735AB08879E1}.Release|Any CPU.ActiveCfg = Release|Any CPU
		{F6CAD607-F8B3-4F3C-BEE6-735AB08879E1}.Release|Any CPU.Build.0 = Release|Any CPU
		{0075AF77-8DE2-4CB7-91BF-2604F29EB255}.Debug|Any CPU.ActiveCfg = Debug|Any CPU
		{0075AF77-8DE2-4CB7-91BF-2604F29EB255}.Debug|Any CPU.Build.0 = Debug|Any CPU
		{0075AF77-8DE2-4CB7-91BF-2604F29EB255}.Release|Any CPU.ActiveCfg = Release|Any CPU
		{0075AF77-8DE2-4CB7-91BF-2604F29EB255}.Release|Any CPU.Build.0 = Release|Any CPU
	EndGlobalSection
	GlobalSection(SolutionProperties) = preSolution
		HideSolutionNode = FALSE
	EndGlobalSection
EndGlobal
